{
  "name": "@jskoiz/token-ledger",
  "version": "0.1.1",
  "lockfileVersion": 3,
  "requires": true,
  "packages": {
    "": {
      "name": "@jskoiz/token-ledger",
      "version": "0.1.1",
      "bin": {
        "token-ledger": "bin/token-ledger.mjs"
      },
      "engines": {
        "node": ">=22.13.0"
      }
    }
  }
}
