{
  "name": "tledger",
  "version": "0.1.4",
  "lockfileVersion": 3,
  "requires": true,
  "packages": {
    "": {
      "name": "tledger",
      "version": "0.1.4",
      "license": "MIT",
      "bin": {
        "tledger": "bin/token-ledger.mjs"
      },
      "engines": {
        "node": ">=22.13.0"
      }
    }
  }
}
